Microsoft Visual Studio Solution File, Format Version 12.00
# Visual Studio Version 17
VisualStudioVersion = 17.5.2.0
MinimumVisualStudioVersion = 10.0.40219.1
Project("{FAE04EC0-301F-11D3-BF4B-00C04F79EFBC}") = "SocietiesMS", "SocietiesMS.csproj", "{0A940E0B-5E57-299D-6FDE-1226747059FB}"
EndProject
Global
	GlobalSection(SolutionConfigurationPlatforms) = preSolution
		Debug|Any CPU = Debug|Any CPU
		Release|Any CPU = Release|Any CPU
	EndGlobalSection
	GlobalSection(ProjectConfigurationPlatforms) = postSolution
		{0A940E0B-5E57-299D-6FDE-1226747059FB}.Debug|Any CPU.ActiveCfg = Debug|Any CPU
		{0A940E0B-5E57-299D-6FDE-1226747059FB}.Debug|Any CPU.Build.0 = Debug|Any CPU
		{0A940E0B-5E57-299D-6FDE-1226747059FB}.Release|Any CPU.ActiveCfg = Release|Any CPU
		{0A940E0B-5E57-299D-6FDE-1226747059FB}.Release|Any CPU.Build.0 = Release|Any CPU
	EndGlobalSection
	GlobalSection(SolutionProperties) = preSolution
		HideSolutionNode = FALSE
	EndGlobalSection
	GlobalSection(ExtensibilityGlobals) = postSolution
		SolutionGuid = {07AAB214-1313-4EE5-8921-CF29E9F33807}
	EndGlobalSection
EndGlobal
